Microsoft Visual Studio Solution File, Format Version 12.00
# Visual Studio Version 17
VisualStudioVersion = 17.5.2.0
MinimumVisualStudioVersion = 10.0.40219.1
Project("{FAE04EC0-301F-11D3-BF4B-00C04F79EFBC}") = "Try_Catch", "Try_Catch.csproj", "{7F0A5AF9-FA31-2848-8080-AA129404FB8B}"
EndProject
Global
	GlobalSection(SolutionConfigurationPlatforms) = preSolution
		Debug|Any CPU = Debug|Any CPU
		Release|Any CPU = Release|Any CPU
	EndGlobalSection
	GlobalSection(ProjectConfigurationPlatforms) = postSolution
		{7F0A5AF9-FA31-2848-8080-AA129404FB8B}.Debug|Any CPU.ActiveCfg = Debug|Any CPU
		{7F0A5AF9-FA31-2848-8080-AA129404FB8B}.Debug|Any CPU.Build.0 = Debug|Any CPU
		{7F0A5AF9-FA31-2848-8080-AA129404FB8B}.Release|Any CPU.ActiveCfg = Release|Any CPU
		{7F0A5AF9-FA31-2848-8080-AA129404FB8B}.Release|Any CPU.Build.0 = Release|Any CPU
	EndGlobalSection
	GlobalSection(SolutionProperties) = preSolution
		HideSolutionNode = FALSE
	EndGlobalSection
	GlobalSection(ExtensibilityGlobals) = postSolution
		SolutionGuid = {E18AE9BA-7B97-4DBC-9652-92D03B414D3E}
	EndGlobalSection
EndGlobal
