
Microsoft Visual Studio Solution File, Format Version 12.00
# Visual Studio Version 17
VisualStudioVersion = 17.5.002.0
MinimumVisualStudioVersion = 10.0.40219.1
Project("{9A19103F-16F7-4668-BE54-9A1E7A4F7556}") = "PatikaLibrary", "PatikaLibrary.csproj", "{2AB0953A-36D2-40C2-9A08-783DBA574EC2}"
EndProject
Global
	GlobalSection(SolutionConfigurationPlatforms) = preSolution
		Debug|Any CPU = Debug|Any CPU
		Release|Any CPU = Release|Any CPU
	EndGlobalSection
	GlobalSection(ProjectConfigurationPlatforms) = postSolution
		{2AB0953A-36D2-40C2-9A08-783DBA574EC2}.Debug|Any CPU.ActiveCfg = Debug|Any CPU
		{2AB0953A-36D2-40C2-9A08-783DBA574EC2}.Debug|Any CPU.Build.0 = Debug|Any CPU
		{2AB0953A-36D2-40C2-9A08-783DBA574EC2}.Release|Any CPU.ActiveCfg = Release|Any CPU
		{2AB0953A-36D2-40C2-9A08-783DBA574EC2}.Release|Any CPU.Build.0 = Release|Any CPU
	EndGlobalSection
	GlobalSection(SolutionProperties) = preSolution
		HideSolutionNode = FALSE
	EndGlobalSection
	GlobalSection(ExtensibilityGlobals) = postSolution
		SolutionGuid = {8DF0120B-9864-4823-BEAC-EEDD71AC8F04}
	EndGlobalSection
EndGlobal
