
Microsoft Visual Studio Solution File, Format Version 12.00
# Visual Studio Version 17
VisualStudioVersion = 17.5.002.0
MinimumVisualStudioVersion = 10.0.40219.1
Project("{9A19103F-16F7-4668-BE54-9A1E7A4F7556}") = "Tatil_App", "Tatil_App.csproj", "{DD48E54E-BBE5-473B-A995-C981041959A4}"
EndProject
Global
	GlobalSection(SolutionConfigurationPlatforms) = preSolution
		Debug|Any CPU = Debug|Any CPU
		Release|Any CPU = Release|Any CPU
	EndGlobalSection
	GlobalSection(ProjectConfigurationPlatforms) = postSolution
		{DD48E54E-BBE5-473B-A995-C981041959A4}.Debug|Any CPU.ActiveCfg = Debug|Any CPU
		{DD48E54E-BBE5-473B-A995-C981041959A4}.Debug|Any CPU.Build.0 = Debug|Any CPU
		{DD48E54E-BBE5-473B-A995-C981041959A4}.Release|Any CPU.ActiveCfg = Release|Any CPU
		{DD48E54E-BBE5-473B-A995-C981041959A4}.Release|Any CPU.Build.0 = Release|Any CPU
	EndGlobalSection
	GlobalSection(SolutionProperties) = preSolution
		HideSolutionNode = FALSE
	EndGlobalSection
	GlobalSection(ExtensibilityGlobals) = postSolution
		SolutionGuid = {E0C47923-4BC5-4261-BD9D-3C2B195686C5}
	EndGlobalSection
EndGlobal
