
Microsoft Visual Studio Solution File, Format Version 12.00
# Visual Studio Version 17
VisualStudioVersion = 17.5.002.0
MinimumVisualStudioVersion = 10.0.40219.1
Project("{9A19103F-16F7-4668-BE54-9A1E7A4F7556}") = "While_Ornekleri", "While_Ornekleri.csproj", "{F36051BB-45FF-4ADB-A02D-ADD699B221A4}"
EndProject
Global
	GlobalSection(SolutionConfigurationPlatforms) = preSolution
		Debug|Any CPU = Debug|Any CPU
		Release|Any CPU = Release|Any CPU
	EndGlobalSection
	GlobalSection(ProjectConfigurationPlatforms) = postSolution
		{F36051BB-45FF-4ADB-A02D-ADD699B221A4}.Debug|Any CPU.ActiveCfg = Debug|Any CPU
		{F36051BB-45FF-4ADB-A02D-ADD699B221A4}.Debug|Any CPU.Build.0 = Debug|Any CPU
		{F36051BB-45FF-4ADB-A02D-ADD699B221A4}.Release|Any CPU.ActiveCfg = Release|Any CPU
		{F36051BB-45FF-4ADB-A02D-ADD699B221A4}.Release|Any CPU.Build.0 = Release|Any CPU
	EndGlobalSection
	GlobalSection(SolutionProperties) = preSolution
		HideSolutionNode = FALSE
	EndGlobalSection
	GlobalSection(ExtensibilityGlobals) = postSolution
		SolutionGuid = {2911E520-DD8F-43D2-83BA-33AA68C69110}
	EndGlobalSection
EndGlobal
